
Microsoft Visual Studio Solution File, Format Version 12.00
# Visual Studio Version 16
VisualStudioVersion = 16.0.29215.179
MinimumVisualStudioVersion = 10.0.40219.1
Project("{FAE04EC0-301F-11D3-BF4B-00C04F79EFBC}") = "ClassProject_Deliverable3_Arrays", "ClassProject_Deliverable3_Arrays.csproj", "{65B6394A-0D86-4F8D-B041-A561267A3084}"
EndProject
Global
	GlobalSection(SolutionConfigurationPlatforms) = preSolution
		Debug|Any CPU = Debug|Any CPU
		Release|Any CPU = Release|Any CPU
	EndGlobalSection
	GlobalSection(ProjectConfigurationPlatforms) = postSolution
		{65B6394A-0D86-4F8D-B041-A561267A3084}.Debug|Any CPU.ActiveCfg = Debug|Any CPU
		{65B6394A-0D86-4F8D-B041-A561267A3084}.Debug|Any CPU.Build.0 = Debug|Any CPU
		{65B6394A-0D86-4F8D-B041-A561267A3084}.Release|Any CPU.ActiveCfg = Release|Any CPU
		{65B6394A-0D86-4F8D-B041-A561267A3084}.Release|Any CPU.Build.0 = Release|Any CPU
	EndGlobalSection
	GlobalSection(SolutionProperties) = preSolution
		HideSolutionNode = FALSE
	EndGlobalSection
	GlobalSection(ExtensibilityGlobals) = postSolution
		SolutionGuid = {1C5343F2-745E-4EDD-A42F-47DD1D49D4C6}
	EndGlobalSection
EndGlobal
